PODS:
  - AMSMB2 (2.7.1)
  - TVVLCKit (3.6.0)

DEPENDENCIES:
  - AMSMB2
  - TVVLCKit

SPEC REPOS:
  trunk:
    - AMSMB2
    - TVVLCKit

SPEC CHECKSUMS:
  AMSMB2: 4017852863a688970e8c4f38a4fae9826fbbec34
  TVVLCKit: d9a82e11f847a015690ad6aa6b510b46987ce288

PODFILE CHECKSUM: c66f59473cbe0c59defde1d97e32467b5929171f

COCOAPODS: 1.15.2
